# THIS IS AN AUTOGENERATED FILE. DO NOT EDIT THIS FILE DIRECTLY.
# yarn lockfile v1


turbo-darwin-64@2.3.0:
  version "2.3.0"
  resolved "https://registry.yarnpkg.com/turbo-darwin-64/-/turbo-darwin-64-2.3.0.tgz#cf82cf4a816a267c65a71d2d3ec1baef5c6b0f78"
  integrity sha512-pji+D49PhFItyQjf2QVoLZw2d3oRGo8gJgKyOiRzvip78Rzie74quA8XNwSg/DuzM7xx6gJ3p2/LylTTlgZXxQ==

turbo-darwin-arm64@2.3.0:
  version "2.3.0"
  resolved "https://registry.yarnpkg.com/turbo-darwin-arm64/-/turbo-darwin-arm64-2.3.0.tgz#3e058a4e41130abce9df49a1fb5e271af85a1d99"
  integrity sha512-AJrGIL9BO41mwDF/IBHsNGwvtdyB911vp8f5mbNo1wG66gWTvOBg7WCtYQBvCo11XTenTfXPRSsAb7w3WAZb6w==

turbo-linux-64@2.3.0:
  version "2.3.0"
  resolved "https://registry.yarnpkg.com/turbo-linux-64/-/turbo-linux-64-2.3.0.tgz#0aefff6047faed0ffdbf0980d5dd4f11ace51d65"
  integrity sha512-jZqW6vc2sPJT3M/3ZmV1Cg4ecQVPqsbHncG/RnogHpBu783KCSXIndgxvUQNm9qfgBYbZDBnP1md63O4UTElhw==

turbo-linux-arm64@2.3.0:
  version "2.3.0"
  resolved "https://registry.yarnpkg.com/turbo-linux-arm64/-/turbo-linux-arm64-2.3.0.tgz#a00db7c7a88400cc0357bfeac2beb383a35e255e"
  integrity sha512-HUbDLJlvd/hxuyCNO0BmEWYQj0TugRMvSQeG8vHJH+Lq8qOgDAe7J0K73bFNbZejZQxW3C3XEiZFB3pnpO78+A==

turbo-windows-64@2.3.0:
  version "2.3.0"
  resolved "https://registry.yarnpkg.com/turbo-windows-64/-/turbo-windows-64-2.3.0.tgz#f082688f17c73d345efbdc43fb589b1df70cd53f"
  integrity sha512-c5rxrGNTYDWX9QeMzWLFE9frOXnKjHGEvQMp1SfldDlbZYsloX9UKs31TzUThzfTgTiz8NYuShaXJ2UvTMnV/g==

turbo-windows-arm64@2.3.0:
  version "2.3.0"
  resolved "https://registry.yarnpkg.com/turbo-windows-arm64/-/turbo-windows-arm64-2.3.0.tgz#42d77fe99f72b4862bb4cbbb0cb5dca73427270a"
  integrity sha512-7qfUuYhfIVb1AZgs89DxhXK+zZez6O2ocmixEQ4hXZK7ytnBt5vaz2zGNJJKFNYIL5HX1C3tuHolnpNgDNCUIg==

turbo@^2.3.0:
  version "2.3.0"
  resolved "https://registry.yarnpkg.com/turbo/-/turbo-2.3.0.tgz#01e7841fafdd870564e1ad376b42dbc8a71d52b3"
  integrity sha512-/uOq5o2jwRPyaUDnwBpOR5k9mQq4c3wziBgWNWttiYQPmbhDtrKYPRBxTvA2WpgQwRIbt8UM612RMN8n/TvmHA==
  optionalDependencies:
    turbo-darwin-64 "2.3.0"
    turbo-darwin-arm64 "2.3.0"
    turbo-linux-64 "2.3.0"
    turbo-linux-arm64 "2.3.0"
    turbo-windows-64 "2.3.0"
    turbo-windows-arm64 "2.3.0"
